
Microsoft Visual Studio Solution File, Format Version 12.00
# Visual Studio Version 16
VisualStudioVersion = 16.0.30717.126
MinimumVisualStudioVersion = 10.0.40219.1
Project("{FAE04EC0-301F-11D3-BF4B-00C04F79EFBC}") = "Sistema de Atendimento", "Sistema de Atendimento.csproj", "{91149E3B-7485-479F-B728-7E4A9B9A137D}"
EndProject
Global
	GlobalSection(SolutionConfigurationPlatforms) = preSolution
		Debug|Any CPU = Debug|Any CPU
		Release|Any CPU = Release|Any CPU
	EndGlobalSection
	GlobalSection(ProjectConfigurationPlatforms) = postSolution
		{91149E3B-7485-479F-B728-7E4A9B9A137D}.Debug|Any CPU.ActiveCfg = Debug|Any CPU
		{91149E3B-7485-479F-B728-7E4A9B9A137D}.Debug|Any CPU.Build.0 = Debug|Any CPU
		{91149E3B-7485-479F-B728-7E4A9B9A137D}.Release|Any CPU.ActiveCfg = Release|Any CPU
		{91149E3B-7485-479F-B728-7E4A9B9A137D}.Release|Any CPU.Build.0 = Release|Any CPU
	EndGlobalSection
	GlobalSection(SolutionProperties) = preSolution
		HideSolutionNode = FALSE
	EndGlobalSection
	GlobalSection(ExtensibilityGlobals) = postSolution
		SolutionGuid = {5A905731-6236-4014-BDBF-14218C1FE786}
	EndGlobalSection
EndGlobal
